// !$*UTF8*$!
{
	archiveVersion = 1;
	classes = {
	};
	objectVersion = 55;
	objects = {

/* Begin PBXBuildFile section */
		537D8B3E292896C100C05FE1 /* AppDelegate.swift in Sources */ = {isa = PBXBuildFile; fileRef = 537D8B3D292896C100C05FE1 /* AppDelegate.swift */; };
		537D8B40292896C100C05FE1 /* SceneDelegate.swift in Sources */ = {isa = PBXBuildFile; fileRef = 537D8B3F292896C100C05FE1 /* SceneDelegate.swift */; };
		537D8B42292896C100C05FE1 /* ViewController.swift in Sources */ = {isa = PBXBuildFile; fileRef = 537D8B41292896C100C05FE1 /* ViewController.swift */; };
		537D8B45292896C100C05FE1 /* Main.storyboard in Resources */ = {isa = PBXBuildFile; fileRef = 537D8B43292896C100C05FE1 /* Main.storyboard */; };
		537D8B47292896C800C05FE1 /* Assets.xcassets in Resources */ = {isa = PBXBuildFile; fileRef = 537D8B46292896C800C05FE1 /* Assets.xcassets */; };
		537D8B4A292896C800C05FE1 /* LaunchScreen.storyboard in Resources */ = {isa = PBXBuildFile; fileRef = 537D8B48292896C800C05FE1 /* LaunchScreen.storyboard */; };
		53ACE379292A5B43001DFA33 /* Cert_BG.PNG in Resources */ = {isa = PBXBuildFile; fileRef = 53ACE378292A5B43001DFA33 /* Cert_BG.PNG */; };
		53ACE37B292A5B54001DFA33 /* Cert_Sample.PNG in Resources */ = {isa = PBXBuildFile; fileRef = 53ACE37A292A5B54001DFA33 /* Cert_Sample.PNG */; };
		53ACE37F292A72F8001DFA33 /* CustomKeyBoard.swift in Sources */ = {isa = PBXBuildFile; fileRef = 53ACE37E292A72F8001DFA33 /* CustomKeyBoard.swift */; };
		53ACE383292A734A001DFA33 /* CustomKeyBoard.xib in Resources */ = {isa = PBXBuildFile; fileRef = 53ACE382292A734A001DFA33 /* CustomKeyBoard.xib */; };
/* End PBXBuildFile section */

/* Begin PBXFileReference section */
		537D8B3A292896C100C05FE1 /* Basic_1_Lecture.app */ = {isa = PBXFileReference; explicitFileType = wrapper.application; includeInIndex = 0; path = Basic_1_Lecture.app; sourceTree = BUILT_PRODUCTS_DIR; };
		537D8B3D292896C100C05FE1 /* AppDelegate.swift */ = {isa = PBXFileReference; lastKnownFileType = sourcecode.swift; path = AppDelegate.swift; sourceTree = "<group>"; };
		537D8B3F292896C100C05FE1 /* SceneDelegate.swift */ = {isa = PBXFileReference; lastKnownFileType = sourcecode.swift; path = SceneDelegate.swift; sourceTree = "<group>"; };
		537D8B41292896C100C05FE1 /* ViewController.swift */ = {isa = PBXFileReference; lastKnownFileType = sourcecode.swift; path = ViewController.swift; sourceTree = "<group>"; };
		537D8B44292896C100C05FE1 /* Base */ = {isa = PBXFileReference; lastKnownFileType = file.storyboard; name = Base; path = Base.lproj/Main.storyboard; sourceTree = "<group>"; };
		537D8B46292896C800C05FE1 /* Assets.xcassets */ = {isa = PBXFileReference; lastKnownFileType = folder.assetcatalog; path = Assets.xcassets; sourceTree = "<group>"; };
		537D8B49292896C800C05FE1 /* Base */ = {isa = PBXFileReference; lastKnownFileType = file.storyboard; name = Base; path = Base.lproj/LaunchScreen.storyboard; sourceTree = "<group>"; };
		537D8B4B292896C800C05FE1 /* Info.plist */ = {isa = PBXFileReference; lastKnownFileType = text.plist.xml; path = Info.plist; sourceTree = "<group>"; };
		53ACE378292A5B43001DFA33 /* Cert_BG.PNG */ = {isa = PBXFileReference; lastKnownFileType = image.png; path = Cert_BG.PNG; sourceTree = "<group>"; };
		53ACE37A292A5B54001DFA33 /* Cert_Sample.PNG */ = {isa = PBXFileReference; lastKnownFileType = image.png; path = Cert_Sample.PNG; sourceTree = "<group>"; };
		53ACE37E292A72F8001DFA33 /* CustomKeyBoard.swift */ = {isa = PBXFileReference; lastKnownFileType = sourcecode.swift; path = CustomKeyBoard.swift; sourceTree = "<group>"; };
		53ACE382292A734A001DFA33 /* CustomKeyBoard.xib */ = {isa = PBXFileReference; lastKnownFileType = file.xib; path = CustomKeyBoard.xib; sourceTree = "<group>"; };
/* End PBXFileReference section */

/* Begin PBXFrameworksBuildPhase section */
		537D8B37292896C100C05FE1 /* Frameworks */ = {
			isa = PBXFrameworksBuildPhase;
			buildActionMask = 2147483647;
			files = (
			);
			runOnlyForDeploymentPostprocessing = 0;
		};
/* End PBXFrameworksBuildPhase section */

/* Begin PBXGroup section */
		537D8B31292896C100C05FE1 = {
			isa = PBXGroup;
			children = (
				537D8B3C292896C100C05FE1 /* Basic_1_Lecture */,
				537D8B3B292896C100C05FE1 /* Products */,
			);
			sourceTree = "<group>";
		};
		537D8B3B292896C100C05FE1 /* Products */ = {
			isa = PBXGroup;
			children = (
				537D8B3A292896C100C05FE1 /* Basic_1_Lecture.app */,
			);
			name = Products;
			sourceTree = "<group>";
		};
		537D8B3C292896C100C05FE1 /* Basic_1_Lecture */ = {
			isa = PBXGroup;
			children = (
				537D8B3D292896C100C05FE1 /* AppDelegate.swift */,
				537D8B3F292896C100C05FE1 /* SceneDelegate.swift */,
				537D8B41292896C100C05FE1 /* ViewController.swift */,
				537D8B43292896C100C05FE1 /* Main.storyboard */,
				537D8B46292896C800C05FE1 /* Assets.xcassets */,
				537D8B48292896C800C05FE1 /* LaunchScreen.storyboard */,
				537D8B4B292896C800C05FE1 /* Info.plist */,
				53ACE378292A5B43001DFA33 /* Cert_BG.PNG */,
				53ACE37A292A5B54001DFA33 /* Cert_Sample.PNG */,
				53ACE37E292A72F8001DFA33 /* CustomKeyBoard.swift */,
				53ACE382292A734A001DFA33 /* CustomKeyBoard.xib */,
			);
			path = Basic_1_Lecture;
			sourceTree = "<group>";
		};
/* End PBXGroup section */

/* Begin PBXNativeTarget section */
		537D8B39292896C100C05FE1 /* Basic_1_Lecture */ = {
			isa = PBXNativeTarget;
			buildConfigurationList = 537D8B4E292896C800C05FE1 /* Build configuration list for PBXNativeTarget "Basic_1_Lecture" */;
			buildPhases = (
				537D8B36292896C100C05FE1 /* Sources */,
				537D8B37292896C100C05FE1 /* Frameworks */,
				537D8B38292896C100C05FE1 /* Resources */,
			);
			buildRules = (
			);
			dependencies = (
			);
			name = Basic_1_Lecture;
			productName = Basic_1_Lecture;
			productReference = 537D8B3A292896C100C05FE1 /* Basic_1_Lecture.app */;
			productType = "com.apple.product-type.application";
		};
/* End PBXNativeTarget section */

/* Begin PBXProject section */
		537D8B32292896C100C05FE1 /* Project object */ = {
			isa = PBXProject;
			attributes = {
				BuildIndependentTargetsInParallel = 1;
				LastSwiftUpdateCheck = 1340;
				LastUpgradeCheck = 1340;
				TargetAttributes = {
					537D8B39292896C100C05FE1 = {
						CreatedOnToolsVersion = 13.4.1;
					};
				};
			};
			buildConfigurationList = 537D8B35292896C100C05FE1 /* Build configuration list for PBXProject "Basic_1_Lecture" */;
			compatibilityVersion = "Xcode 13.0";
			developmentRegion = en;
			hasScannedForEncodings = 0;
			knownRegions = (
				en,
				Base,
			);
			mainGroup = 537D8B31292896C100C05FE1;
			productRefGroup = 537D8B3B292896C100C05FE1 /* Products */;
			projectDirPath = "";
			projectRoot = "";
			targets = (
				537D8B39292896C100C05FE1 /* Basic_1_Lecture */,
			);
		};
/* End PBXProject section */

/* Begin PBXResourcesBuildPhase section */
		537D8B38292896C100C05FE1 /* Resources */ = {
			isa = PBXResourcesBuildPhase;
			buildActionMask = 2147483647;
			files = (
				53ACE37B292A5B54001DFA33 /* Cert_Sample.PNG in Resources */,
				53ACE379292A5B43001DFA33 /* Cert_BG.PNG in Resources */,
				537D8B4A292896C800C05FE1 /* LaunchScreen.storyboard in Resources */,
				537D8B47292896C800C05FE1 /* Assets.xcassets in Resources */,
				537D8B45292896C100C05FE1 /* Main.storyboard in Resources */,
				53ACE383292A734A001DFA33 /* CustomKeyBoard.xib in Resources */,
			);
			runOnlyForDeploymentPostprocessing = 0;
		};
/* End PBXResourcesBuildPhase section */

/* Begin PBXSourcesBuildPhase section */
		537D8B36292896C100C05FE1 /* Sources */ = {
			isa = PBXSourcesBuildPhase;
			buildActionMask = 2147483647;
			files = (
				537D8B42292896C100C05FE1 /* ViewController.swift in Sources */,
				537D8B3E292896C100C05FE1 /* AppDelegate.swift in Sources */,
				537D8B40292896C100C05FE1 /* SceneDelegate.swift in Sources */,
				53ACE37F292A72F8001DFA33 /* CustomKeyBoard.swift in Sources */,
			);
			runOnlyForDeploymentPostprocessing = 0;
		};
/* End PBXSourcesBuildPhase section */

/* Begin PBXVariantGroup section */
		537D8B43292896C100C05FE1 /* Main.storyboard */ = {
			isa = PBXVariantGroup;
			children = (
				537D8B44292896C100C05FE1 /* Base */,
			);
			name = Main.storyboard;
			sourceTree = "<group>";
		};
		537D8B48292896C800C05FE1 /* LaunchScreen.storyboard */ = {
			isa = PBXVariantGroup;
			children = (
				537D8B49292896C800C05FE1 /* Base */,
			);
			name = LaunchScreen.storyboard;
			sourceTree = "<group>";
		};
/* End PBXVariantGroup section */

/* Begin XCBuildConfiguration section */
		537D8B4C292896C800C05FE1 /* Debug */ = {
			isa = XCBuildConfiguration;
			buildSettings = {
				ALWAYS_SEARCH_USER_PATHS = NO;
				CLANG_ANALYZER_NONNULL = YES;
				CLANG_ANALYZER_NUMBER_OBJECT_CONVERSION = YES_AGGRESSIVE;
				CLANG_CXX_LANGUAGE_STANDARD = "gnu++17";
				CLANG_ENABLE_MODULES = YES;
				CLANG_ENABLE_OBJC_ARC = YES;
				CLANG_ENABLE_OBJC_WEAK = YES;
				CLANG_WARN_BLOCK_CAPTURE_AUTORELEASING = YES;
				CLANG_WARN_BOOL_CONVERSION = YES;
				CLANG_WARN_COMMA = YES;
				CLANG_WARN_CONSTANT_CONVERSION = YES;
				CLANG_WARN_DEPRECATED_OBJC_IMPLEMENTATIONS = YES;
				CLANG_WARN_DIRECT_OBJC_ISA_USAGE = YES_ERROR;
				CLANG_WARN_DOCUMENTATION_COMMENTS = YES;
				CLANG_WARN_EMPTY_BODY = YES;
				CLANG_WARN_ENUM_CONVERSION = YES;
				CLANG_WARN_INFINITE_RECURSION = YES;
				CLANG_WARN_INT_CONVERSION = YES;
				CLANG_WARN_NON_LITERAL_NULL_CONVERSION = YES;
				CLANG_WARN_OBJC_IMPLICIT_RETAIN_SELF = YES;
				CLANG_WARN_OBJC_LITERAL_CONVERSION = YES;
				CLANG_WARN_OBJC_ROOT_CLASS = YES_ERROR;
				CLANG_WARN_QUOTED_INCLUDE_IN_FRAMEWORK_HEADER = YES;
				CLANG_WARN_RANGE_LOOP_ANALYSIS = YES;
				CLANG_WARN_STRICT_PROTOTYPES = YES;
				CLANG_WARN_SUSPICIOUS_MOVE = YES;
				CLANG_WARN_UNGUARDED_AVAILABILITY = YES_AGGRESSIVE;
				CLANG_WARN_UNREACHABLE_CODE = YES;
				CLANG_WARN__DUPLICATE_METHOD_MATCH = YES;
				COPY_PHASE_STRIP = NO;
				DEBUG_INFORMATION_FORMAT = dwarf;
				ENABLE_STRICT_OBJC_MSGSEND = YES;
				ENABLE_TESTABILITY = YES;
				GCC_C_LANGUAGE_STANDARD = gnu11;
				GCC_DYNAMIC_NO_PIC = NO;
				GCC_NO_COMMON_BLOCKS = YES;
				GCC_OPTIMIZATION_LEVEL = 0;
				GCC_PREPROCESSOR_DEFINITIONS = (
					"DEBUG=1",
					"$(inherited)",
				);
				GCC_WARN_64_TO_32_BIT_CONVERSION = YES;
				GCC_WARN_ABOUT_RETURN_TYPE = YES_ERROR;
				GCC_WARN_UNDECLARED_SELECTOR = YES;
				GCC_WARN_UNINITIALIZED_AUTOS = YES_AGGRESSIVE;
				GCC_WARN_UNUSED_FUNCTION = YES;
				GCC_WARN_UNUSED_VARIABLE = YES;
				IPHONEOS_DEPLOYMENT_TARGET = 15.5;
				MTL_ENABLE_DEBUG_INFO = INCLUDE_SOURCE;
				MTL_FAST_MATH = YES;
				ONLY_ACTIVE_ARCH = YES;
				SDKROOT = iphoneos;
				SWIFT_ACTIVE_COMPILATION_CONDITIONS = DEBUG;
				SWIFT_OPTIMIZATION_LEVEL = "-Onone";
			};
			name = Debug;
		};
		537D8B4D292896C800C05FE1 /* Release */ = {
			isa = XCBuildConfiguration;
			buildSettings = {
				ALWAYS_SEARCH_USER_PATHS = NO;
				CLANG_ANALYZER_NONNULL = YES;
				CLANG_ANALYZER_NUMBER_OBJECT_CONVERSION = YES_AGGRESSIVE;
				CLANG_CXX_LANGUAGE_STANDARD = "gnu++17";
				CLANG_ENABLE_MODULES = YES;
				CLANG_ENABLE_OBJC_ARC = YES;
				CLANG_ENABLE_OBJC_WEAK = YES;
				CLANG_WARN_BLOCK_CAPTURE_AUTORELEASING = YES;
				CLANG_WARN_BOOL_CONVERSION = YES;
				CLANG_WARN_COMMA = YES;
				CLANG_WARN_CONSTANT_CONVERSION = YES;
				CLANG_WARN_DEPRECATED_OBJC_IMPLEMENTATIONS = YES;
				CLANG_WARN_DIRECT_OBJC_ISA_USAGE = YES_ERROR;
				CLANG_WARN_DOCUMENTATION_COMMENTS = YES;
				CLANG_WARN_EMPTY_BODY = YES;
				CLANG_WARN_ENUM_CONVERSION = YES;
				CLANG_WARN_INFINITE_RECURSION = YES;
				CLANG_WARN_INT_CONVERSION = YES;
				CLANG_WARN_NON_LITERAL_NULL_CONVERSION = YES;
				CLANG_WARN_OBJC_IMPLICIT_RETAIN_SELF = YES;
				CLANG_WARN_OBJC_LITERAL_CONVERSION = YES;
				CLANG_WARN_OBJC_ROOT_CLASS = YES_ERROR;
				CLANG_WARN_QUOTED_INCLUDE_IN_FRAMEWORK_HEADER = YES;
				CLANG_WARN_RANGE_LOOP_ANALYSIS = YES;
				CLANG_WARN_STRICT_PROTOTYPES = YES;
				CLANG_WARN_SUSPICIOUS_MOVE = YES;
				CLANG_WARN_UNGUARDED_AVAILABILITY = YES_AGGRESSIVE;
				CLANG_WARN_UNREACHABLE_CODE = YES;
				CLANG_WARN__DUPLICATE_METHOD_MATCH = YES;
				COPY_PHASE_STRIP = NO;
				DEBUG_INFORMATION_FORMAT = "dwarf-with-dsym";
				ENABLE_NS_ASSERTIONS = NO;
				ENABLE_STRICT_OBJC_MSGSEND = YES;
				GCC_C_LANGUAGE_STANDARD = gnu11;
				GCC_NO_COMMON_BLOCKS = YES;
				GCC_WARN_64_TO_32_BIT_CONVERSION = YES;
				GCC_WARN_ABOUT_RETURN_TYPE = YES_ERROR;
				GCC_WARN_UNDECLARED_SELECTOR = YES;
				GCC_WARN_UNINITIALIZED_AUTOS = YES_AGGRESSIVE;
				GCC_WARN_UNUSED_FUNCTION = YES;
				GCC_WARN_UNUSED_VARIABLE = YES;
				IPHONEOS_DEPLOYMENT_TARGET = 15.5;
				MTL_ENABLE_DEBUG_INFO = NO;
				MTL_FAST_MATH = YES;
				SDKROOT = iphoneos;
				SWIFT_COMPILATION_MODE = wholemodule;
				SWIFT_OPTIMIZATION_LEVEL = "-O";
				VALIDATE_PRODUCT = YES;
			};
			name = Release;
		};
		537D8B4F292896C800C05FE1 /* Debug */ = {
			isa = XCBuildConfiguration;
			buildSettings = {
				ASSETCATALOG_COMPILER_APPICON_NAME = AppIcon;
				ASSETCATALOG_COMPILER_GLOBAL_ACCENT_COLOR_NAME = AccentColor;
				CODE_SIGN_STYLE = Automatic;
				CURRENT_PROJECT_VERSION = 1;
				DEVELOPMENT_TEAM = M7HLNA8NN9;
				GENERATE_INFOPLIST_FILE = YES;
				INFOPLIST_FILE = Basic_1_Lecture/Info.plist;
				INFOPLIST_KEY_UIApplicationSupportsIndirectInputEvents = YES;
				INFOPLIST_KEY_UILaunchStoryboardName = LaunchScreen;
				INFOPLIST_KEY_UIMainStoryboardFile = Main;
				INFOPLIST_KEY_UISupportedInterfaceOrientations_iPad = "UIInterfaceOrientationPortrait UIInterfaceOrientationPortraitUpsideDown UIInterfaceOrientationLandscapeLeft UIInterfaceOrientationLandscapeRight";
				INFOPLIST_KEY_UISupportedInterfaceOrientations_iPhone = "UIInterfaceOrientationPortrait UIInterfaceOrientationLandscapeLeft UIInterfaceOrientationLandscapeRight";
				LD_RUNPATH_SEARCH_PATHS = (
					"$(inherited)",
					"@executable_path/Frameworks",
				);
				MARKETING_VERSION = 1.0;
				PRODUCT_BUNDLE_IDENTIFIER = "emma.Basic-1-Lecture";
				PRODUCT_NAME = "$(TARGET_NAME)";
				SWIFT_EMIT_LOC_STRINGS = YES;
				SWIFT_VERSION = 5.0;
				TARGETED_DEVICE_FAMILY = "1,2";
			};
			name = Debug;
		};
		537D8B50292896C800C05FE1 /* Release */ = {
			isa = XCBuildConfiguration;
			buildSettings = {
				ASSETCATALOG_COMPILER_APPICON_NAME = AppIcon;
				ASSETCATALOG_COMPILER_GLOBAL_ACCENT_COLOR_NAME = AccentColor;
				CODE_SIGN_STYLE = Automatic;
				CURRENT_PROJECT_VERSION = 1;
				DEVELOPMENT_TEAM = M7HLNA8NN9;
				GENERATE_INFOPLIST_FILE = YES;
				INFOPLIST_FILE = Basic_1_Lecture/Info.plist;
				INFOPLIST_KEY_UIApplicationSupportsIndirectInputEvents = YES;
				INFOPLIST_KEY_UILaunchStoryboardName = LaunchScreen;
				INFOPLIST_KEY_UIMainStoryboardFile = Main;
				INFOPLIST_KEY_UISupportedInterfaceOrientations_iPad = "UIInterfaceOrientationPortrait UIInterfaceOrientationPortraitUpsideDown UIInterfaceOrientationLandscapeLeft UIInterfaceOrientationLandscapeRight";
				INFOPLIST_KEY_UISupportedInterfaceOrientations_iPhone = "UIInterfaceOrientationPortrait UIInterfaceOrientationLandscapeLeft UIInterfaceOrientationLandscapeRight";
				LD_RUNPATH_SEARCH_PATHS = (
					"$(inherited)",
					"@executable_path/Frameworks",
				);
				MARKETING_VERSION = 1.0;
				PRODUCT_BUNDLE_IDENTIFIER = "emma.Basic-1-Lecture";
				PRODUCT_NAME = "$(TARGET_NAME)";
				SWIFT_EMIT_LOC_STRINGS = YES;
				SWIFT_VERSION = 5.0;
				TARGETED_DEVICE_FAMILY = "1,2";
			};
			name = Release;
		};
/* End XCBuildConfiguration section */

/* Begin XCConfigurationList section */
		537D8B35292896C100C05FE1 /* Build configuration list for PBXProject "Basic_1_Lecture" */ = {
			isa = XCConfigurationList;
			buildConfigurations = (
				537D8B4C292896C800C05FE1 /* Debug */,
				537D8B4D292896C800C05FE1 /* Release */,
			);
			defaultConfigurationIsVisible = 0;
			defaultConfigurationName = Release;
		};
		537D8B4E292896C800C05FE1 /* Build configuration list for PBXNativeTarget "Basic_1_Lecture" */ = {
			isa = XCConfigurationList;
			buildConfigurations = (
				537D8B4F292896C800C05FE1 /* Debug */,
				537D8B50292896C800C05FE1 /* Release */,
			);
			defaultConfigurationIsVisible = 0;
			defaultConfigurationName = Release;
		};
/* End XCConfigurationList section */
	};
	rootObject = 537D8B32292896C100C05FE1 /* Project object */;
}
